[[package]]
category = "dev"
description = "Atomic file writes."
name = "atomicwrites"
optional = false
platform = "UNKNOWN"
python-versions = "*"
version = "1.1.5"

[[package]]
category = "dev"
description = "Classes Without Boilerplate"
name = "attrs"
optional = false
platform = "*"
python-versions = "*"
version = "18.1.0"

[[package]]
category = "main"
description = "The ssl.match_hostname() function from Python 3.5"
name = "backports.ssl-match-hostname"
optional = false
platform = "UNKNOWN"
python-versions = "*"
version = "3.5.0.1"

[package.requirements]
python = "<3.5"

[[package]]
category = "main"
description = "Python package for providing Mozilla's CA Bundle."
name = "certifi"
optional = false
platform = "*"
python-versions = "*"
version = "2018.4.16"

[[package]]
category = "main"
description = "Universal encoding detector for Python 2 and 3"
name = "chardet"
optional = false
platform = "*"
python-versions = "*"
version = "3.0.4"

[[package]]
category = "main"
description = "A simple wrapper around optparse for powerful command line utilities."
name = "click"
optional = false
platform = "*"
python-versions = "*"
version = "6.7"

[[package]]
category = "dev"
description = "Cross-platform colored terminal text."
name = "colorama"
optional = false
platform = "UNKNOWN"
python-versions = "*"
version = "0.3.9"

[package.requirements]
platform = "win32"

[[package]]
category = "dev"
description = "This library brings the updated configparser from Python 3.5 to Python 2.6-3.5."
name = "configparser"
optional = false
platform = "any"
python-versions = "*"
version = "3.5.0"

[package.requirements]
python = "<3.2"

[[package]]
category = "main"
description = "A Python library for the Docker Engine API."
name = "docker"
optional = false
platform = "*"
python-versions = "*"
version = "3.4.1"

[package.dependencies]
docker-pycreds = ">=0.3.0"
requests = ">=2.14.2,<2.18.0 || >2.18.0"
six = ">=1.4.0"
websocket-client = ">=0.32.0"

[package.dependencies."backports.ssl-match-hostname"]
python = "<3.5"
version = ">=3.5"

[package.dependencies.ipaddress]
python = "<3.3"
version = ">=1.0.16"

[[package.dependencies.pypiwin32]]
platform = "win32"
python = ">=3.6"
version = "220"

[[package.dependencies.pypiwin32]]
platform = "win32"
python = "<3.6"
version = "219"

[[package]]
category = "main"
description = "Python bindings for the docker credentials store API"
name = "docker-pycreds"
optional = false
platform = "*"
python-versions = "*"
version = "0.3.0"

[package.dependencies]
six = ">=1.4.0"

[[package]]
category = "dev"
description = "Python 3.4 Enum backported to 3.3, 3.2, 3.1, 2.7, 2.6, 2.5, and 2.4"
name = "enum34"
optional = false
platform = "UNKNOWN"
python-versions = "*"
version = "1.1.6"

[package.requirements]
python = "<3.4"

[[package]]
category = "dev"
description = "the modular source code checker: pep8, pyflakes and co"
name = "flake8"
optional = false
platform = "*"
python-versions = "*"
version = "3.5.0"

[package.dependencies]
mccabe = ">=0.6.0,<0.7.0"
pycodestyle = ">=2.0.0,<2.4.0"
pyflakes = ">=1.5.0,<1.7.0"

[package.dependencies.configparser]
python = "<3.2"
version = "*"

[package.dependencies.enum34]
python = "<3.4"
version = "*"

[[package]]
category = "dev"
description = "Python function signatures from PEP362 for Python 2.6, 2.7 and 3.2+"
name = "funcsigs"
optional = false
platform = "UNKNOWN"
python-versions = "*"
version = "1.0.2"

[package.dependencies]

[package.dependencies.ordereddict]
python = "<2.7"
version = "*"

[package.requirements]
python = "<3.0"

[[package]]
category = "main"
description = "Colored terminal text made easy for Python and happiness."
name = "hues"
optional = false
platform = "*"
python-versions = "*"
version = "0.2.2"

[package.dependencies]
PyYAML = "*"

[[package]]
category = "main"
description = "Internationalized Domain Names in Applications (IDNA)"
name = "idna"
optional = false
platform = "*"
python-versions = "*"
version = "2.7"

[[package]]
category = "main"
description = "IPv4/IPv6 manipulation library"
name = "ipaddress"
optional = false
platform = "*"
python-versions = "*"
version = "1.0.22"

[package.requirements]
python = "<3.3"

[[package]]
category = "dev"
description = "McCabe checker, plugin for flake8"
name = "mccabe"
optional = false
platform = "*"
python-versions = "*"
version = "0.6.1"

[[package]]
category = "dev"
description = "More routines for operating on iterables, beyond itertools"
name = "more-itertools"
optional = false
platform = "*"
python-versions = "*"
version = "4.2.0"

[package.dependencies]
six = ">=1.0.0,<2.0.0"

[[package]]
category = "dev"
description = "A drop-in substitute for Py2.7's new collections.OrderedDict that works in Python 2.4-2.6."
name = "ordereddict"
optional = false
platform = "UNKNOWN"
python-versions = "*"
version = "1.1"

[package.requirements]
python = "<2.7"

[[package]]
category = "dev"
description = "plugin and hook calling mechanisms for python"
name = "pluggy"
optional = false
platform = "unix"
python-versions = ">=2.7, !=3.0.*, !=3.1.*, !=3.2.*, !=3.3.*"
version = "0.6.0"

[[package]]
category = "dev"
description = "library with cross-python path, ini-parsing, io, code, log facilities"
name = "py"
optional = false
platform = "unix"
python-versions = ">=2.7, !=3.0.*, !=3.1.*, !=3.2.*, !=3.3.*"
version = "1.5.4"

[[package]]
category = "dev"
description = "Python style guide checker"
name = "pycodestyle"
optional = false
platform = "*"
python-versions = "*"
version = "2.3.1"

[[package]]
category = "dev"
description = "passive checker of Python programs"
name = "pyflakes"
optional = false
platform = "*"
python-versions = "*"
version = "1.6.0"

[[package]]
category = "main"
description = "Python for Window Extensions"
name = "pypiwin32"
optional = false
platform = "*"
python-versions = "*"
version = "220"

[package.requirements]
platform = "win32"
python = ">=3.6"

[[package]]
category = "main"
description = "Python for Window Extensions"
name = "pypiwin32"
optional = false
platform = "UNKNOWN"
python-versions = "*"
version = "219"

[package.requirements]
platform = "win32"
python = "<3.6"

[[package]]
category = "dev"
description = "pytest: simple powerful testing with Python"
name = "pytest"
optional = false
platform = "unix"
python-versions = ">=2.7, !=3.0.*, !=3.1.*, !=3.2.*, !=3.3.*"
version = "3.6.3"

[package.dependencies]
atomicwrites = ">=1.0"
attrs = ">=17.4.0"
more-itertools = ">=4.0.0"
pluggy = ">=0.5,<0.7"
py = ">=1.5.0"
setuptools = "*"
six = ">=1.10.0"

[package.dependencies.colorama]
platform = "win32"
version = "*"

[package.dependencies.funcsigs]
python = "<3.0"
version = "*"

[[package]]
category = "main"
description = "YAML parser and emitter for Python"
name = "pyyaml"
optional = false
platform = "Any"
python-versions = "*"
version = "3.13"

[[package]]
category = "main"
description = "Python HTTP for Humans."
name = "requests"
optional = false
platform = "*"
python-versions = ">=2.6, !=3.0.*, !=3.1.*, !=3.2.*, !=3.3.*"
version = "2.19.1"

[package.dependencies]
certifi = ">=2017.4.17"
chardet = ">=3.0.2,<3.1.0"
idna = ">=2.5,<2.8"
urllib3 = ">=1.21.1,<1.24"

[[package]]
category = "main"
description = "Python 2 and 3 compatibility utilities"
name = "six"
optional = false
platform = "*"
python-versions = "*"
version = "1.11.0"

[[package]]
category = "main"
description = "HTTP library with thread-safe connection pooling, file post, and more."
name = "urllib3"
optional = false
platform = "*"
python-versions = ">=2.6, !=3.0.*, !=3.1.*, !=3.2.*, !=3.3.*, <4"
version = "1.23"

[[package]]
category = "main"
description = "WebSocket client for python. hybi13 is supported."
name = "websocket-client"
optional = false
platform = "*"
python-versions = "*"
version = "0.48.0"

[package.dependencies]
six = "*"

[metadata]
content-hash = "29576ae145e24c786d2a886e47750ede368d9fd93be5c2fa56030b08b406474c"
platform = "*"
python-versions = "*"

[metadata.hashes]
atomicwrites = ["240831ea22da9ab882b551b31d4225591e5e447a68c5e188db5b89ca1d487585", "a24da68318b08ac9c9c45029f4a10371ab5b20e4226738e150e6e7c571630ae6"]
attrs = ["4b90b09eeeb9b88c35bc642cbac057e45a5fd85367b985bd2809c62b7b939265", "e0d0eb91441a3b53dab4d9b743eafc1ac44476296a2053b6ca3af0b139faf87b"]
"backports.ssl-match-hostname" = ["502ad98707319f4a51fa2ca1c677bd659008d27ded9f6380c79e8932e38dcdf2"]
certifi = ["13e698f54293db9f89122b0581843a782ad0934a4fe0172d2a980ba77fc61bb7", "9fa520c1bacfb634fa7af20a76bcbd3d5fb390481724c597da32c719a7dca4b0"]
chardet = ["84ab92ed1c4d4f16916e05906b6b75a6c0fb5db821cc65e70cbd64a3e2a5eaae", "fc323ffcaeaed0e0a02bf4d117757b98aed530d9ed4531e3e15460124c106691"]
click = ["29f99fc6125fbc931b758dc053b3114e55c77a6e4c6c3a2674a2dc986016381d", "f15516df478d5a56180fbf80e68f206010e6d160fc39fa508b65e035fd75130b"]
colorama = ["463f8483208e921368c9f306094eb6f725c6ca42b0f97e313cb5d5512459feda", "48eb22f4f8461b1df5734a074b57042430fb06e1d61bd1e11b078c0fe6d7a1f1"]
configparser = ["5308b47021bc2340965c371f0f058cc6971a04502638d4244225c49d80db273a"]
docker = ["52cf5b1c3c394f9abf897638bfc3336d6b63a0f65969d0d4d2da6d3b1d8032b6", "ad077b49660b711d20f50f344f70cfae014d635ef094bf21b0d7df5f0aeedf99"]
docker-pycreds = ["0a941b290764ea7286bd77f54c0ace43b86a8acd6eb9ead3de9840af52384079", "8b0e956c8d206f832b06aa93a710ba2c3bcbacb5a314449c040b0b814355bbff"]
enum34 = ["2d81cbbe0e73112bdfe6ef8576f2238f2ba27dd0d55752a776c41d38b7da2850", "644837f692e5f550741432dd3f223bbb9852018674981b1664e5dc339387588a", "6bd0f6ad48ec2aa117d3d141940d484deccda84d4fcd884f5c3d93c23ecd8c79", "8ad8c4783bf61ded74527bffb48ed9b54166685e4230386a9ed9b1279e2df5b1"]
flake8 = ["7253265f7abd8b313e3892944044a365e3f4ac3fcdcfb4298f55ee9ddf188ba0", "c7841163e2b576d435799169b78703ad6ac1bbb0f199994fc05f700b2a90ea37"]
funcsigs = ["330cc27ccbf7f1e992e69fef78261dc7c6569012cf397db8d3de0234e6c937ca", "a7bb0f2cf3a3fd1ab2732cb49eba4252c2af4240442415b4abce3b87022a8f50"]
hues = ["108eed8a514235585a8ccd8bf2a6ea955eefc376024cbdc1db62dd17fc59909f", "4ec065be7a4fa8d12697a1ac9ad6b2519d8f7976b4b03f7c8f11cc721ba1b147", "9e1cf47196a9ba6fa77c1841a491ffd642ec8b39093d44196076a2ca91edbd50"]
idna = ["156a6814fb5ac1fc6850fb002e0852d56c0c8d2531923a51032d1b70760e186e", "684a38a6f903c1d71d6d5fac066b58d7768af4de2b832e426ec79c30daa94a16"]
ipaddress = ["64b28eec5e78e7510698f6d4da08800a5c575caa4a286c93d651c5d3ff7b6794", "b146c751ea45cad6188dd6cf2d9b757f6f4f8d6ffb96a023e6f2e26eea02a72c"]
mccabe = ["ab8a6258860da4b6677da4bd2fe5dc2c659cff31b3ee4f7f5d64e79735b80d42", "dd8d182285a0fe56bace7f45b5e7d1a6ebcbf524e8f3bd87eb0f125271b8831f"]
more-itertools = ["2b6b9893337bfd9166bee6a62c2b0c9fe7735dcf85948b387ec8cba30e85d8e8", "6703844a52d3588f951883005efcf555e49566a48afd4db4e965d69b883980d3", "a18d870ef2ffca2b8463c0070ad17b5978056f403fb64e3f15fe62a52db21cc0"]
ordereddict = ["1c35b4ac206cef2d24816c89f89cf289dd3d38cf7c449bb3fab7bf6d43f01b1f"]
pluggy = ["7f8ae7f5bdf75671a718d2daf0a64b7885f74510bcd98b1a0bb420eb9a9d0cff", "d345c8fe681115900d6da8d048ba67c25df42973bda370783cd58826442dcd7c", "e160a7fcf25762bb60efc7e171d4497ff1d8d2d75a3d0df7a21b76821ecbf5c5"]
py = ["3fd59af7435864e1a243790d322d763925431213b6b8529c6ca71081ace3bbf7", "e31fb2767eb657cbde86c454f02e99cb846d3cd9d61b318525140214fdc0e98e"]
pycodestyle = ["682256a5b318149ca0d2a9185d365d8864a768a28db66a84a2ea946bcc426766", "6c4245ade1edfad79c3446fadfc96b0de2759662dc29d07d80a6f27ad1ca6ba9"]
pyflakes = ["08bd6a50edf8cffa9fa09a463063c425ecaaf10d1eb0335a7e8b1401aef89e6f", "8d616a382f243dbf19b54743f280b80198be0bca3a5396f1d2e1fca6223e8805"]
pypiwin32 = ["0cece5cf12ae7f4b32764db8a12cdb1a8b27184be681e0cfbd2996f0cc07376f", "ceacd1b853fd9f521808d52554a1dcf1231d63c0e7409898ca6502e73e447b6b", "06d478295c89dbdd4187e1ac099bb8eab93c29e298bded4e2fbc77009287fa44", "0b8f74a48021d71c8645d4a9de5426dcd800976a96d9a3bfb90136b24b9318a6", "34fd396098d5b29b2a1ae71db5ca9ba91e1c6c5b7fb7fbff1296e0d45f0b103f", "44217c51c54b1dd0de31bdad270d5e18dab0c8fa8c121ddf63fa86fa5991787f", "5618522ad9c2b229d8a9a1c5175d135a397bf70d6db1d352adf0131aa5321258", "5e0101cb712a3b90ee1ccdf8b90ae48958c78e8f1584e958db85bb1a403a91d2", "5e64895aed07c7124b57ff21e48ee0ca4caa9d1f85042b1e7c35eecd0e2f01be", "69f63942403f5a6262f05602106ef4921db582df83c59b1a3571995652a6c762", "74ac5855269b3d67458815a709f083e74961fd5d558a4b9e1307eaa6c832d827", "794150d9e0c1fc61a9f5845d88028d24ffdf78253f03d7d623e0e1c103b5d92b", "ca375fdf0adb961d1988786aa2bcb54aac23fd1a647b591ccf44e0965a6dc51f", "ec4b285e1a58dc6eeaa331d5d278dbc6e9da3fa2675cbb803a9c88d2b9c43f79", "f226481dade2c075e7f488485b6e18a279367b94a019baf71493fab475f3a4b8", "f811d494040e91e38f01ef1e127177bbb9fdc350126a11cd65ac5db6cad2b92e", "fbe640e946e2fcd983048e2c40bee28eba884a9e0178fb1cf03e1d365abd8e3f"]
pytest = ["0453c8676c2bee6feb0434748b068d5510273a916295fd61d306c4f22fbfd752", "4b208614ae6d98195430ad6bde03641c78553acee7c83cec2e85d613c0cd383d"]
pyyaml = ["3d7da3009c0f3e783b2c873687652d83b1bbfd5c88e9813fb7e5b03c0dd3108b", "3ef3092145e9b70e3ddd2c7ad59bdd0252a94dfe3949721633e41344de00a6bf", "40c71b8e076d0550b2e6380bada1f1cd1017b882f7e16f09a65be98e017f211a", "558dd60b890ba8fd982e05941927a3911dc409a63dcb8b634feaa0cda69330d3", "a7c28b45d9f99102fa092bb213aa12e0aaf9a6a1f5e395d36166639c1f96c3a1", "aa7dd4a6a427aed7df6fb7f08a580d68d9b118d90310374716ae90b710280af1", "bc558586e6045763782014934bfaf39d48b8ae85a2713117d16c39864085c613", "d46d7982b62e0729ad0175a9bc7e10a566fc07b224d2c79fafb5e032727eaa04", "d5eef459e30b09f5a098b9cea68bebfeb268697f78d647bd255a085371ac7f3f", "e01d3203230e1786cd91ccfdc8f8454c8069c91bee3962ad93b87a4b2860f537", "e170a9e6fcfd19021dd29845af83bb79236068bf5fd4df3327c1be18182b2531"]
requests = ["63b52e3c866428a224f97cab011de738c36aec0185aa91cfacd418b5d58911d1", "ec22d826a36ed72a7358ff3fe56cbd4ba69dd7a6718ffd450ff0e9df7a47ce6a"]
six = ["70e8a77beed4562e7f14fe23a786b54f6296e34344c23bc42f07b15018ff98e9", "832dc0e10feb1aa2c68dcc57dbb658f1c7e65b9b61af69048abc87a2db00a0eb"]
urllib3 = ["a68ac5e15e76e7e5dd2b8f94007233e01effe3e50e8daddf69acfd81cb686baf", "b5725a0bd4ba422ab0e66e89e030c806576753ea3ee08554382c14e685d117b5"]
websocket-client = ["18f1170e6a1b5463986739d9fd45c4308b0d025c1b2f9b88788d8f69e8a5eb4a", "db70953ae4a064698b27ae56dcad84d0ee68b7b43cb40940f537738f38f510c1"]
